Microsoft Visual Studio Solution File, Format Version 12.00
# Visual Studio Version 17
VisualStudioVersion = 17.0.31912.275
MinimumVisualStudioVersion = 10.0.40219.1
Project("{9A19103F-16F7-4668-BE54-9A1E7A4F7556}") = "DemoApplication.Api", "DemoApplication.api\DemoApplication.Api.csproj", "{4263F552-6C39-4F62-B51F-DCD2B7845397}"
EndProject
Project("{2150E333-8FDC-42A3-9474-1A3956D46DE8}") = "Tests", "Tests", "{782A71E5-11EA-4A9E-9AF7-6B04CBD5214E}"
EndProject
Project("{9A19103F-16F7-4668-BE54-9A1E7A4F7556}") = "DemoApplication.Database", "DemoApplication.Database\DemoApplication.Database.csproj", "{00904FA5-2834-4CFA-A602-BB8EA5A7DE0F}"
EndProject
Project("{9A19103F-16F7-4668-BE54-9A1E7A4F7556}") = "DemoApplication.Domain", "DemoApplication.Domain\DemoApplication.Domain.csproj", "{41E243AA-D165-438D-89E8-0F65249DE8DC}"
EndProject
Project("{9A19103F-16F7-4668-BE54-9A1E7A4F7556}") = "DemoApplication.Framework", "DemoApplication.Framework\DemoApplication.Framework.csproj", "{4111BF32-880F-4B76-B9DB-DFF19230905C}"
EndProject
Project("{9A19103F-16F7-4668-BE54-9A1E7A4F7556}") = "DemoApplication.Models", "DemoApplication.Models\DemoApplication.Models.csproj", "{5ABB820A-ED3B-4FD7-8F27-DBABAF9C862A}"
EndProject
Project("{9A19103F-16F7-4668-BE54-9A1E7A4F7556}") = "DemoApplication.Framework.tests", "Tests\DemoApplication.Framework.tests\DemoApplication.Framework.tests.csproj", "{DE597A2E-2375-49D7-A37A-99F59EF583E5}"
EndProject
Project("{9A19103F-16F7-4668-BE54-9A1E7A4F7556}") = "DemoApplication.Enums", "DemoApplication.Enums\DemoApplication.Enums.csproj", "{9D44C7AB-02E4-4153-8CB8-EF85A9C7F1BC}"
EndProject
Project("{9A19103F-16F7-4668-BE54-9A1E7A4F7556}") = "DemoApplication.Factory", "DemoApplication.Factory\DemoApplication.Factory.csproj", "{C0F96154-4629-452C-A847-5DC236742761}"
EndProject
Project("{9A19103F-16F7-4668-BE54-9A1E7A4F7556}") = "DemoApplication.Validators", "DemoApplication.Validators\DemoApplication.Validators.csproj", "{429A9873-C4B2-4BD0-852C-7B80C48FD576}"
EndProject
Project("{9A19103F-16F7-4668-BE54-9A1E7A4F7556}") = "DemoApplication.Entitlement", "DemoApplication.Entitlement\DemoApplication.Entitlement.csproj", "{71A06ABD-C91A-445B-B6DF-93CD6C3C6A88}"
EndProject
Project("{9A19103F-16F7-4668-BE54-9A1E7A4F7556}") = "DemoApplication.Factory.tests", "Tests\DemoApplication.Factory.tests\DemoApplication.Factory.tests.csproj", "{F29C11D0-AB90-43E4-AE4E-0B1E7C6CEE7F}"
EndProject
Project("{9A19103F-16F7-4668-BE54-9A1E7A4F7556}") = "DemoApplication.Entitlement.tests", "Tests\DemoApplication.Entitlement.tests\DemoApplication.Entitlement.tests.csproj", "{E672A845-D360-443D-B318-B8F19C1AD01A}"
EndProject
Project("{2150E333-8FDC-42A3-9474-1A3956D46DE8}") = "Solution Items", "Solution Items", "{D01BA540-6AD0-4B29-84FA-194313452750}"
	ProjectSection(SolutionItems) = preProject
		.gitattributes = .gitattributes
		.gitignore = .gitignore
		LICENSE = LICENSE
		nuget.config = nuget.config
		README.md = README.md
	EndProjectSection
EndProject
Global
	GlobalSection(SolutionConfigurationPlatforms) = preSolution
		Debug|Any CPU = Debug|Any CPU
		Release|Any CPU = Release|Any CPU
	EndGlobalSection
	GlobalSection(ProjectConfigurationPlatforms) = postSolution
		{4263F552-6C39-4F62-B51F-DCD2B7845397}.Debug|Any CPU.ActiveCfg = Debug|Any CPU
		{4263F552-6C39-4F62-B51F-DCD2B7845397}.Debug|Any CPU.Build.0 = Debug|Any CPU
		{4263F552-6C39-4F62-B51F-DCD2B7845397}.Release|Any CPU.ActiveCfg = Release|Any CPU
		{4263F552-6C39-4F62-B51F-DCD2B7845397}.Release|Any CPU.Build.0 = Release|Any CPU
		{00904FA5-2834-4CFA-A602-BB8EA5A7DE0F}.Debug|Any CPU.ActiveCfg = Debug|Any CPU
		{00904FA5-2834-4CFA-A602-BB8EA5A7DE0F}.Debug|Any CPU.Build.0 = Debug|Any CPU
		{00904FA5-2834-4CFA-A602-BB8EA5A7DE0F}.Release|Any CPU.ActiveCfg = Release|Any CPU
		{00904FA5-2834-4CFA-A602-BB8EA5A7DE0F}.Release|Any CPU.Build.0 = Release|Any CPU
		{41E243AA-D165-438D-89E8-0F65249DE8DC}.Debug|Any CPU.ActiveCfg = Debug|Any CPU
		{41E243AA-D165-438D-89E8-0F65249DE8DC}.Debug|Any CPU.Build.0 = Debug|Any CPU
		{41E243AA-D165-438D-89E8-0F65249DE8DC}.Release|Any CPU.ActiveCfg = Release|Any CPU
		{41E243AA-D165-438D-89E8-0F65249DE8DC}.Release|Any CPU.Build.0 = Release|Any CPU
		{4111BF32-880F-4B76-B9DB-DFF19230905C}.Debug|Any CPU.ActiveCfg = Debug|Any CPU
		{4111BF32-880F-4B76-B9DB-DFF19230905C}.Debug|Any CPU.Build.0 = Debug|Any CPU
		{4111BF32-880F-4B76-B9DB-DFF19230905C}.Release|Any CPU.ActiveCfg = Release|Any CPU
		{4111BF32-880F-4B76-B9DB-DFF19230905C}.Release|Any CPU.Build.0 = Release|Any CPU
		{5ABB820A-ED3B-4FD7-8F27-DBABAF9C862A}.Debug|Any CPU.ActiveCfg = Debug|Any CPU
		{5ABB820A-ED3B-4FD7-8F27-DBABAF9C862A}.Debug|Any CPU.Build.0 = Debug|Any CPU
		{5ABB820A-ED3B-4FD7-8F27-DBABAF9C862A}.Release|Any CPU.ActiveCfg = Release|Any CPU
		{5ABB820A-ED3B-4FD7-8F27-DBABAF9C862A}.Release|Any CPU.Build.0 = Release|Any CPU
		{DE597A2E-2375-49D7-A37A-99F59EF583E5}.Debug|Any CPU.ActiveCfg = Debug|Any CPU
		{DE597A2E-2375-49D7-A37A-99F59EF583E5}.Debug|Any CPU.Build.0 = Debug|Any CPU
		{DE597A2E-2375-49D7-A37A-99F59EF583E5}.Release|Any CPU.ActiveCfg = Release|Any CPU
		{DE597A2E-2375-49D7-A37A-99F59EF583E5}.Release|Any CPU.Build.0 = Release|Any CPU
		{9D44C7AB-02E4-4153-8CB8-EF85A9C7F1BC}.Debug|Any CPU.ActiveCfg = Debug|Any CPU
		{9D44C7AB-02E4-4153-8CB8-EF85A9C7F1BC}.Debug|Any CPU.Build.0 = Debug|Any CPU
		{9D44C7AB-02E4-4153-8CB8-EF85A9C7F1BC}.Release|Any CPU.ActiveCfg = Release|Any CPU
		{9D44C7AB-02E4-4153-8CB8-EF85A9C7F1BC}.Release|Any CPU.Build.0 = Release|Any CPU
		{C0F96154-4629-452C-A847-5DC236742761}.Debug|Any CPU.ActiveCfg = Debug|Any CPU
		{C0F96154-4629-452C-A847-5DC236742761}.Debug|Any CPU.Build.0 = Debug|Any CPU
		{C0F96154-4629-452C-A847-5DC236742761}.Release|Any CPU.ActiveCfg = Release|Any CPU
		{C0F96154-4629-452C-A847-5DC236742761}.Release|Any CPU.Build.0 = Release|Any CPU
		{429A9873-C4B2-4BD0-852C-7B80C48FD576}.Debug|Any CPU.ActiveCfg = Debug|Any CPU
		{429A9873-C4B2-4BD0-852C-7B80C48FD576}.Debug|Any CPU.Build.0 = Debug|Any CPU
		{429A9873-C4B2-4BD0-852C-7B80C48FD576}.Release|Any CPU.ActiveCfg = Release|Any CPU
		{429A9873-C4B2-4BD0-852C-7B80C48FD576}.Release|Any CPU.Build.0 = Release|Any CPU
		{71A06ABD-C91A-445B-B6DF-93CD6C3C6A88}.Debug|Any CPU.ActiveCfg = Debug|Any CPU
		{71A06ABD-C91A-445B-B6DF-93CD6C3C6A88}.Debug|Any CPU.Build.0 = Debug|Any CPU
		{71A06ABD-C91A-445B-B6DF-93CD6C3C6A88}.Release|Any CPU.ActiveCfg = Release|Any CPU
		{71A06ABD-C91A-445B-B6DF-93CD6C3C6A88}.Release|Any CPU.Build.0 = Release|Any CPU
		{F29C11D0-AB90-43E4-AE4E-0B1E7C6CEE7F}.Debug|Any CPU.ActiveCfg = Debug|Any CPU
		{F29C11D0-AB90-43E4-AE4E-0B1E7C6CEE7F}.Debug|Any CPU.Build.0 = Debug|Any CPU
		{F29C11D0-AB90-43E4-AE4E-0B1E7C6CEE7F}.Release|Any CPU.ActiveCfg = Release|Any CPU
		{F29C11D0-AB90-43E4-AE4E-0B1E7C6CEE7F}.Release|Any CPU.Build.0 = Release|Any CPU
		{E672A845-D360-443D-B318-B8F19C1AD01A}.Debug|Any CPU.ActiveCfg = Debug|Any CPU
		{E672A845-D360-443D-B318-B8F19C1AD01A}.Debug|Any CPU.Build.0 = Debug|Any CPU
		{E672A845-D360-443D-B318-B8F19C1AD01A}.Release|Any CPU.ActiveCfg = Release|Any CPU
		{E672A845-D360-443D-B318-B8F19C1AD01A}.Release|Any CPU.Build.0 = Release|Any CPU
	EndGlobalSection
	GlobalSection(SolutionProperties) = preSolution
		HideSolutionNode = FALSE
	EndGlobalSection
	GlobalSection(NestedProjects) = preSolution
		{DE597A2E-2375-49D7-A37A-99F59EF583E5} = {782A71E5-11EA-4A9E-9AF7-6B04CBD5214E}
		{F29C11D0-AB90-43E4-AE4E-0B1E7C6CEE7F} = {782A71E5-11EA-4A9E-9AF7-6B04CBD5214E}
		{E672A845-D360-443D-B318-B8F19C1AD01A} = {782A71E5-11EA-4A9E-9AF7-6B04CBD5214E}
	EndGlobalSection
	GlobalSection(ExtensibilityGlobals) = postSolution
		SolutionGuid = {D5DB03B7-1906-4C40-9920-D9F9FE320BDC}
	EndGlobalSection
EndGlobal
