Microsoft Visual Studio Solution File, Format Version 12.00
# Visual Studio Version 17
VisualStudioVersion = 17.0.31912.275
MinimumVisualStudioVersion = 10.0.40219.1
Project("{9A19103F-16F7-4668-BE54-9A1E7A4F7556}") = "DemoApplication.Api", "DemoApplication.api\DemoApplication.Api.csproj", "{4263F552-6C39-4F62-B51F-DCD2B7845397}"
EndProject
Project("{2150E333-8FDC-42A3-9474-1A3956D46DE8}") = "Tests", "Tests", "{782A71E5-11EA-4A9E-9AF7-6B04CBD5214E}"
EndProject
Project("{9A19103F-16F7-4668-BE54-9A1E7A4F7556}") = "DemoApplication.Database", "DemoApplication.Database\DemoApplication.Database.csproj", "{00904FA5-2834-4CFA-A602-BB8EA5A7DE0F}"
EndProject
Project("{9A19103F-16F7-4668-BE54-9A1E7A4F7556}") = "DemoApplication.Domain", "DemoApplication.Domain\DemoApplication.Domain.csproj", "{41E243AA-D165-438D-89E8-0F65249DE8DC}"
EndProject
Project("{9A19103F-16F7-4668-BE54-9A1E7A4F7556}") = "DemoApplication.Framework", "DemoApplication.Framework\DemoApplication.Framework.csproj", "{4111BF32-880F-4B76-B9DB-DFF19230905C}"
EndProject
Project("{9A19103F-16F7-4668-BE54-9A1E7A4F7556}") = "DemoApplication.Models", "DemoApplication.Models\DemoApplication.Models.csproj", "{5ABB820A-ED3B-4FD7-8F27-DBABAF9C862A}"
EndProject
Project("{9A19103F-16F7-4668-BE54-9A1E7A4F7556}") = "DemoApplication.Framework.tests", "Tests\DemoApplication.Framework.tests\DemoApplication.Framework.tests.csproj", "{DE597A2E-2375-49D7-A37A-99F59EF583E5}"
EndProject
Project("{2150E333-8FDC-42A3-9474-1A3956D46DE8}") = "Abstractions", "Abstractions", "{0F307E2D-3A4C-4BB3-A8A3-02A4FD1CCA31}"
EndProject
Project("{9A19103F-16F7-4668-BE54-9A1E7A4F7556}") = "AspNetCore", "..\Abstractions\AspNetCore\AspNetCore.csproj", "{95277A1D-0F89-4A2F-824E-1F433F4E8BF5}"
EndProject
Project("{9A19103F-16F7-4668-BE54-9A1E7A4F7556}") = "Domain", "..\Abstractions\Domain\Domain.csproj", "{0B625419-B3DD-4C65-B8C5-5C2B181DC48F}"
EndProject
Project("{9A19103F-16F7-4668-BE54-9A1E7A4F7556}") = "EntityFrameworkCore", "..\Abstractions\EntityFrameworkCore\EntityFrameworkCore.csproj", "{1A1BCB77-C11F-4CC9-8887-49AC9B58C3E2}"
EndProject
Project("{9A19103F-16F7-4668-BE54-9A1E7A4F7556}") = "Extensions", "..\Abstractions\Extensions\Extensions.csproj", "{4FD35952-D871-46FB-8E99-5116490953A3}"
EndProject
Project("{9A19103F-16F7-4668-BE54-9A1E7A4F7556}") = "IoC", "..\Abstractions\IoC\IoC.csproj", "{F6D8AF30-D33C-44AE-A03F-2E687864794C}"
EndProject
Project("{9A19103F-16F7-4668-BE54-9A1E7A4F7556}") = "Logging", "..\Abstractions\Logging\Logging.csproj", "{BFCE4878-FEC9-4AA5-9FF6-AC2D406F49D7}"
EndProject
Project("{9A19103F-16F7-4668-BE54-9A1E7A4F7556}") = "Objects", "..\Abstractions\Objects\Objects.csproj", "{E64BD29E-E6D8-488E-99D7-545052DFD01E}"
EndProject
Project("{9A19103F-16F7-4668-BE54-9A1E7A4F7556}") = "Regex", "..\Abstractions\Regex\Regex.csproj", "{716038CB-4AAE-4E16-9914-9DB178E221EF}"
EndProject
Project("{9A19103F-16F7-4668-BE54-9A1E7A4F7556}") = "Repositories", "..\Abstractions\Repositories\Repositories.csproj", "{DE0597C0-BD12-4563-805A-81D4BBF69A6D}"
EndProject
Project("{9A19103F-16F7-4668-BE54-9A1E7A4F7556}") = "Results", "..\Abstractions\Results\Results.csproj", "{377B9407-7D9F-4BF8-8586-7A2F7E3AC966}"
EndProject
Project("{9A19103F-16F7-4668-BE54-9A1E7A4F7556}") = "Security", "..\Abstractions\Security\Security.csproj", "{306D6FA6-37F9-4C3A-A6E0-736F327C52AE}"
EndProject
Project("{9A19103F-16F7-4668-BE54-9A1E7A4F7556}") = "Validator", "..\Abstractions\Validator\Validator.csproj", "{D49B3F0D-B1EE-435F-A22F-A863C7C3D269}"
EndProject
Project("{9A19103F-16F7-4668-BE54-9A1E7A4F7556}") = "DemoApplication.Enums", "DemoApplication.Enums\DemoApplication.Enums.csproj", "{9D44C7AB-02E4-4153-8CB8-EF85A9C7F1BC}"
EndProject
Project("{9A19103F-16F7-4668-BE54-9A1E7A4F7556}") = "DemoApplication.Factory", "DemoApplication.Factory\DemoApplication.Factory.csproj", "{C0F96154-4629-452C-A847-5DC236742761}"
EndProject
Project("{9A19103F-16F7-4668-BE54-9A1E7A4F7556}") = "DemoApplication.Validators", "DemoApplication.Validators\DemoApplication.Validators.csproj", "{429A9873-C4B2-4BD0-852C-7B80C48FD576}"
EndProject
Project("{9A19103F-16F7-4668-BE54-9A1E7A4F7556}") = "Concurrency", "..\Abstractions\Concurrency\Concurrency.csproj", "{116712DD-4433-48B4-88FD-C5C027B187E6}"
EndProject
Project("{9A19103F-16F7-4668-BE54-9A1E7A4F7556}") = "AuditTrail", "..\Abstractions\AuditTrail\AuditTrail.csproj", "{59869D08-A580-4DBE-B31D-E8747B0A0AC8}"
EndProject
Project("{9A19103F-16F7-4668-BE54-9A1E7A4F7556}") = "DemoApplication.UniqueCodeGenerator", "DemoApplication.UniqueCodeGenerator\DemoApplication.UniqueCodeGenerator.csproj", "{9213453D-8A76-467A-AB95-3F3D838A5198}"
EndProject
Project("{9A19103F-16F7-4668-BE54-9A1E7A4F7556}") = "DemoApplication.Entitlement", "DemoApplication.Entitlement\DemoApplication.Entitlement.csproj", "{71A06ABD-C91A-445B-B6DF-93CD6C3C6A88}"
EndProject
Project("{9A19103F-16F7-4668-BE54-9A1E7A4F7556}") = "DemoApplication.Factory.tests", "Tests\DemoApplication.Factory.tests\DemoApplication.Factory.tests.csproj", "{F29C11D0-AB90-43E4-AE4E-0B1E7C6CEE7F}"
EndProject
Project("{9A19103F-16F7-4668-BE54-9A1E7A4F7556}") = "DemoApplication.Entitlement.tests", "Tests\DemoApplication.Entitlement.tests\DemoApplication.Entitlement.tests.csproj", "{E672A845-D360-443D-B318-B8F19C1AD01A}"
EndProject
Project("{9A19103F-16F7-4668-BE54-9A1E7A4F7556}") = "Entitlement", "..\Abstractions\Entitlement\Entitlement.csproj", "{7A32B5D7-909E-4A03-ABA2-5B1E33E9A457}"
EndProject
Project("{9A19103F-16F7-4668-BE54-9A1E7A4F7556}") = "Swagger", "..\Abstractions\Swagger\Swagger.csproj", "{BBB4A83C-FFFB-4F50-A4E6-19E44BD5B7F1}"
EndProject
Global
	GlobalSection(SolutionConfigurationPlatforms) = preSolution
		Debug|Any CPU = Debug|Any CPU
		Release|Any CPU = Release|Any CPU
	EndGlobalSection
	GlobalSection(ProjectConfigurationPlatforms) = postSolution
		{4263F552-6C39-4F62-B51F-DCD2B7845397}.Debug|Any CPU.ActiveCfg = Debug|Any CPU
		{4263F552-6C39-4F62-B51F-DCD2B7845397}.Debug|Any CPU.Build.0 = Debug|Any CPU
		{4263F552-6C39-4F62-B51F-DCD2B7845397}.Release|Any CPU.ActiveCfg = Release|Any CPU
		{4263F552-6C39-4F62-B51F-DCD2B7845397}.Release|Any CPU.Build.0 = Release|Any CPU
		{00904FA5-2834-4CFA-A602-BB8EA5A7DE0F}.Debug|Any CPU.ActiveCfg = Debug|Any CPU
		{00904FA5-2834-4CFA-A602-BB8EA5A7DE0F}.Debug|Any CPU.Build.0 = Debug|Any CPU
		{00904FA5-2834-4CFA-A602-BB8EA5A7DE0F}.Release|Any CPU.ActiveCfg = Release|Any CPU
		{00904FA5-2834-4CFA-A602-BB8EA5A7DE0F}.Release|Any CPU.Build.0 = Release|Any CPU
		{41E243AA-D165-438D-89E8-0F65249DE8DC}.Debug|Any CPU.ActiveCfg = Debug|Any CPU
		{41E243AA-D165-438D-89E8-0F65249DE8DC}.Debug|Any CPU.Build.0 = Debug|Any CPU
		{41E243AA-D165-438D-89E8-0F65249DE8DC}.Release|Any CPU.ActiveCfg = Release|Any CPU
		{41E243AA-D165-438D-89E8-0F65249DE8DC}.Release|Any CPU.Build.0 = Release|Any CPU
		{4111BF32-880F-4B76-B9DB-DFF19230905C}.Debug|Any CPU.ActiveCfg = Debug|Any CPU
		{4111BF32-880F-4B76-B9DB-DFF19230905C}.Debug|Any CPU.Build.0 = Debug|Any CPU
		{4111BF32-880F-4B76-B9DB-DFF19230905C}.Release|Any CPU.ActiveCfg = Release|Any CPU
		{4111BF32-880F-4B76-B9DB-DFF19230905C}.Release|Any CPU.Build.0 = Release|Any CPU
		{5ABB820A-ED3B-4FD7-8F27-DBABAF9C862A}.Debug|Any CPU.ActiveCfg = Debug|Any CPU
		{5ABB820A-ED3B-4FD7-8F27-DBABAF9C862A}.Debug|Any CPU.Build.0 = Debug|Any CPU
		{5ABB820A-ED3B-4FD7-8F27-DBABAF9C862A}.Release|Any CPU.ActiveCfg = Release|Any CPU
		{5ABB820A-ED3B-4FD7-8F27-DBABAF9C862A}.Release|Any CPU.Build.0 = Release|Any CPU
		{DE597A2E-2375-49D7-A37A-99F59EF583E5}.Debug|Any CPU.ActiveCfg = Debug|Any CPU
		{DE597A2E-2375-49D7-A37A-99F59EF583E5}.Debug|Any CPU.Build.0 = Debug|Any CPU
		{DE597A2E-2375-49D7-A37A-99F59EF583E5}.Release|Any CPU.ActiveCfg = Release|Any CPU
		{DE597A2E-2375-49D7-A37A-99F59EF583E5}.Release|Any CPU.Build.0 = Release|Any CPU
		{95277A1D-0F89-4A2F-824E-1F433F4E8BF5}.Debug|Any CPU.ActiveCfg = Debug|Any CPU
		{95277A1D-0F89-4A2F-824E-1F433F4E8BF5}.Debug|Any CPU.Build.0 = Debug|Any CPU
		{95277A1D-0F89-4A2F-824E-1F433F4E8BF5}.Release|Any CPU.ActiveCfg = Release|Any CPU
		{95277A1D-0F89-4A2F-824E-1F433F4E8BF5}.Release|Any CPU.Build.0 = Release|Any CPU
		{0B625419-B3DD-4C65-B8C5-5C2B181DC48F}.Debug|Any CPU.ActiveCfg = Debug|Any CPU
		{0B625419-B3DD-4C65-B8C5-5C2B181DC48F}.Debug|Any CPU.Build.0 = Debug|Any CPU
		{0B625419-B3DD-4C65-B8C5-5C2B181DC48F}.Release|Any CPU.ActiveCfg = Release|Any CPU
		{0B625419-B3DD-4C65-B8C5-5C2B181DC48F}.Release|Any CPU.Build.0 = Release|Any CPU
		{1A1BCB77-C11F-4CC9-8887-49AC9B58C3E2}.Debug|Any CPU.ActiveCfg = Debug|Any CPU
		{1A1BCB77-C11F-4CC9-8887-49AC9B58C3E2}.Debug|Any CPU.Build.0 = Debug|Any CPU
		{1A1BCB77-C11F-4CC9-8887-49AC9B58C3E2}.Release|Any CPU.ActiveCfg = Release|Any CPU
		{1A1BCB77-C11F-4CC9-8887-49AC9B58C3E2}.Release|Any CPU.Build.0 = Release|Any CPU
		{4FD35952-D871-46FB-8E99-5116490953A3}.Debug|Any CPU.ActiveCfg = Debug|Any CPU
		{4FD35952-D871-46FB-8E99-5116490953A3}.Debug|Any CPU.Build.0 = Debug|Any CPU
		{4FD35952-D871-46FB-8E99-5116490953A3}.Release|Any CPU.ActiveCfg = Release|Any CPU
		{4FD35952-D871-46FB-8E99-5116490953A3}.Release|Any CPU.Build.0 = Release|Any CPU
		{F6D8AF30-D33C-44AE-A03F-2E687864794C}.Debug|Any CPU.ActiveCfg = Debug|Any CPU
		{F6D8AF30-D33C-44AE-A03F-2E687864794C}.Debug|Any CPU.Build.0 = Debug|Any CPU
		{F6D8AF30-D33C-44AE-A03F-2E687864794C}.Release|Any CPU.ActiveCfg = Release|Any CPU
		{F6D8AF30-D33C-44AE-A03F-2E687864794C}.Release|Any CPU.Build.0 = Release|Any CPU
		{BFCE4878-FEC9-4AA5-9FF6-AC2D406F49D7}.Debug|Any CPU.ActiveCfg = Debug|Any CPU
		{BFCE4878-FEC9-4AA5-9FF6-AC2D406F49D7}.Debug|Any CPU.Build.0 = Debug|Any CPU
		{BFCE4878-FEC9-4AA5-9FF6-AC2D406F49D7}.Release|Any CPU.ActiveCfg = Release|Any CPU
		{BFCE4878-FEC9-4AA5-9FF6-AC2D406F49D7}.Release|Any CPU.Build.0 = Release|Any CPU
		{E64BD29E-E6D8-488E-99D7-545052DFD01E}.Debug|Any CPU.ActiveCfg = Debug|Any CPU
		{E64BD29E-E6D8-488E-99D7-545052DFD01E}.Debug|Any CPU.Build.0 = Debug|Any CPU
		{E64BD29E-E6D8-488E-99D7-545052DFD01E}.Release|Any CPU.ActiveCfg = Release|Any CPU
		{E64BD29E-E6D8-488E-99D7-545052DFD01E}.Release|Any CPU.Build.0 = Release|Any CPU
		{716038CB-4AAE-4E16-9914-9DB178E221EF}.Debug|Any CPU.ActiveCfg = Debug|Any CPU
		{716038CB-4AAE-4E16-9914-9DB178E221EF}.Debug|Any CPU.Build.0 = Debug|Any CPU
		{716038CB-4AAE-4E16-9914-9DB178E221EF}.Release|Any CPU.ActiveCfg = Release|Any CPU
		{716038CB-4AAE-4E16-9914-9DB178E221EF}.Release|Any CPU.Build.0 = Release|Any CPU
		{DE0597C0-BD12-4563-805A-81D4BBF69A6D}.Debug|Any CPU.ActiveCfg = Debug|Any CPU
		{DE0597C0-BD12-4563-805A-81D4BBF69A6D}.Debug|Any CPU.Build.0 = Debug|Any CPU
		{DE0597C0-BD12-4563-805A-81D4BBF69A6D}.Release|Any CPU.ActiveCfg = Release|Any CPU
		{DE0597C0-BD12-4563-805A-81D4BBF69A6D}.Release|Any CPU.Build.0 = Release|Any CPU
		{377B9407-7D9F-4BF8-8586-7A2F7E3AC966}.Debug|Any CPU.ActiveCfg = Debug|Any CPU
		{377B9407-7D9F-4BF8-8586-7A2F7E3AC966}.Debug|Any CPU.Build.0 = Debug|Any CPU
		{377B9407-7D9F-4BF8-8586-7A2F7E3AC966}.Release|Any CPU.ActiveCfg = Release|Any CPU
		{377B9407-7D9F-4BF8-8586-7A2F7E3AC966}.Release|Any CPU.Build.0 = Release|Any CPU
		{306D6FA6-37F9-4C3A-A6E0-736F327C52AE}.Debug|Any CPU.ActiveCfg = Debug|Any CPU
		{306D6FA6-37F9-4C3A-A6E0-736F327C52AE}.Debug|Any CPU.Build.0 = Debug|Any CPU
		{306D6FA6-37F9-4C3A-A6E0-736F327C52AE}.Release|Any CPU.ActiveCfg = Release|Any CPU
		{306D6FA6-37F9-4C3A-A6E0-736F327C52AE}.Release|Any CPU.Build.0 = Release|Any CPU
		{D49B3F0D-B1EE-435F-A22F-A863C7C3D269}.Debug|Any CPU.ActiveCfg = Debug|Any CPU
		{D49B3F0D-B1EE-435F-A22F-A863C7C3D269}.Debug|Any CPU.Build.0 = Debug|Any CPU
		{D49B3F0D-B1EE-435F-A22F-A863C7C3D269}.Release|Any CPU.ActiveCfg = Release|Any CPU
		{D49B3F0D-B1EE-435F-A22F-A863C7C3D269}.Release|Any CPU.Build.0 = Release|Any CPU
		{9D44C7AB-02E4-4153-8CB8-EF85A9C7F1BC}.Debug|Any CPU.ActiveCfg = Debug|Any CPU
		{9D44C7AB-02E4-4153-8CB8-EF85A9C7F1BC}.Debug|Any CPU.Build.0 = Debug|Any CPU
		{9D44C7AB-02E4-4153-8CB8-EF85A9C7F1BC}.Release|Any CPU.ActiveCfg = Release|Any CPU
		{9D44C7AB-02E4-4153-8CB8-EF85A9C7F1BC}.Release|Any CPU.Build.0 = Release|Any CPU
		{C0F96154-4629-452C-A847-5DC236742761}.Debug|Any CPU.ActiveCfg = Debug|Any CPU
		{C0F96154-4629-452C-A847-5DC236742761}.Debug|Any CPU.Build.0 = Debug|Any CPU
		{C0F96154-4629-452C-A847-5DC236742761}.Release|Any CPU.ActiveCfg = Release|Any CPU
		{C0F96154-4629-452C-A847-5DC236742761}.Release|Any CPU.Build.0 = Release|Any CPU
		{429A9873-C4B2-4BD0-852C-7B80C48FD576}.Debug|Any CPU.ActiveCfg = Debug|Any CPU
		{429A9873-C4B2-4BD0-852C-7B80C48FD576}.Debug|Any CPU.Build.0 = Debug|Any CPU
		{429A9873-C4B2-4BD0-852C-7B80C48FD576}.Release|Any CPU.ActiveCfg = Release|Any CPU
		{429A9873-C4B2-4BD0-852C-7B80C48FD576}.Release|Any CPU.Build.0 = Release|Any CPU
		{116712DD-4433-48B4-88FD-C5C027B187E6}.Debug|Any CPU.ActiveCfg = Debug|Any CPU
		{116712DD-4433-48B4-88FD-C5C027B187E6}.Debug|Any CPU.Build.0 = Debug|Any CPU
		{116712DD-4433-48B4-88FD-C5C027B187E6}.Release|Any CPU.ActiveCfg = Release|Any CPU
		{116712DD-4433-48B4-88FD-C5C027B187E6}.Release|Any CPU.Build.0 = Release|Any CPU
		{59869D08-A580-4DBE-B31D-E8747B0A0AC8}.Debug|Any CPU.ActiveCfg = Debug|Any CPU
		{59869D08-A580-4DBE-B31D-E8747B0A0AC8}.Debug|Any CPU.Build.0 = Debug|Any CPU
		{59869D08-A580-4DBE-B31D-E8747B0A0AC8}.Release|Any CPU.ActiveCfg = Release|Any CPU
		{59869D08-A580-4DBE-B31D-E8747B0A0AC8}.Release|Any CPU.Build.0 = Release|Any CPU
		{9213453D-8A76-467A-AB95-3F3D838A5198}.Debug|Any CPU.ActiveCfg = Debug|Any CPU
		{9213453D-8A76-467A-AB95-3F3D838A5198}.Debug|Any CPU.Build.0 = Debug|Any CPU
		{9213453D-8A76-467A-AB95-3F3D838A5198}.Release|Any CPU.ActiveCfg = Release|Any CPU
		{9213453D-8A76-467A-AB95-3F3D838A5198}.Release|Any CPU.Build.0 = Release|Any CPU
		{71A06ABD-C91A-445B-B6DF-93CD6C3C6A88}.Debug|Any CPU.ActiveCfg = Debug|Any CPU
		{71A06ABD-C91A-445B-B6DF-93CD6C3C6A88}.Debug|Any CPU.Build.0 = Debug|Any CPU
		{71A06ABD-C91A-445B-B6DF-93CD6C3C6A88}.Release|Any CPU.ActiveCfg = Release|Any CPU
		{71A06ABD-C91A-445B-B6DF-93CD6C3C6A88}.Release|Any CPU.Build.0 = Release|Any CPU
		{F29C11D0-AB90-43E4-AE4E-0B1E7C6CEE7F}.Debug|Any CPU.ActiveCfg = Debug|Any CPU
		{F29C11D0-AB90-43E4-AE4E-0B1E7C6CEE7F}.Debug|Any CPU.Build.0 = Debug|Any CPU
		{F29C11D0-AB90-43E4-AE4E-0B1E7C6CEE7F}.Release|Any CPU.ActiveCfg = Release|Any CPU
		{F29C11D0-AB90-43E4-AE4E-0B1E7C6CEE7F}.Release|Any CPU.Build.0 = Release|Any CPU
		{E672A845-D360-443D-B318-B8F19C1AD01A}.Debug|Any CPU.ActiveCfg = Debug|Any CPU
		{E672A845-D360-443D-B318-B8F19C1AD01A}.Debug|Any CPU.Build.0 = Debug|Any CPU
		{E672A845-D360-443D-B318-B8F19C1AD01A}.Release|Any CPU.ActiveCfg = Release|Any CPU
		{E672A845-D360-443D-B318-B8F19C1AD01A}.Release|Any CPU.Build.0 = Release|Any CPU
		{7A32B5D7-909E-4A03-ABA2-5B1E33E9A457}.Debug|Any CPU.ActiveCfg = Debug|Any CPU
		{7A32B5D7-909E-4A03-ABA2-5B1E33E9A457}.Debug|Any CPU.Build.0 = Debug|Any CPU
		{7A32B5D7-909E-4A03-ABA2-5B1E33E9A457}.Release|Any CPU.ActiveCfg = Release|Any CPU
		{7A32B5D7-909E-4A03-ABA2-5B1E33E9A457}.Release|Any CPU.Build.0 = Release|Any CPU
		{BBB4A83C-FFFB-4F50-A4E6-19E44BD5B7F1}.Debug|Any CPU.ActiveCfg = Debug|Any CPU
		{BBB4A83C-FFFB-4F50-A4E6-19E44BD5B7F1}.Debug|Any CPU.Build.0 = Debug|Any CPU
		{BBB4A83C-FFFB-4F50-A4E6-19E44BD5B7F1}.Release|Any CPU.ActiveCfg = Release|Any CPU
		{BBB4A83C-FFFB-4F50-A4E6-19E44BD5B7F1}.Release|Any CPU.Build.0 = Release|Any CPU
	EndGlobalSection
	GlobalSection(SolutionProperties) = preSolution
		HideSolutionNode = FALSE
	EndGlobalSection
	GlobalSection(NestedProjects) = preSolution
		{DE597A2E-2375-49D7-A37A-99F59EF583E5} = {782A71E5-11EA-4A9E-9AF7-6B04CBD5214E}
		{95277A1D-0F89-4A2F-824E-1F433F4E8BF5} = {0F307E2D-3A4C-4BB3-A8A3-02A4FD1CCA31}
		{0B625419-B3DD-4C65-B8C5-5C2B181DC48F} = {0F307E2D-3A4C-4BB3-A8A3-02A4FD1CCA31}
		{1A1BCB77-C11F-4CC9-8887-49AC9B58C3E2} = {0F307E2D-3A4C-4BB3-A8A3-02A4FD1CCA31}
		{4FD35952-D871-46FB-8E99-5116490953A3} = {0F307E2D-3A4C-4BB3-A8A3-02A4FD1CCA31}
		{F6D8AF30-D33C-44AE-A03F-2E687864794C} = {0F307E2D-3A4C-4BB3-A8A3-02A4FD1CCA31}
		{BFCE4878-FEC9-4AA5-9FF6-AC2D406F49D7} = {0F307E2D-3A4C-4BB3-A8A3-02A4FD1CCA31}
		{E64BD29E-E6D8-488E-99D7-545052DFD01E} = {0F307E2D-3A4C-4BB3-A8A3-02A4FD1CCA31}
		{716038CB-4AAE-4E16-9914-9DB178E221EF} = {0F307E2D-3A4C-4BB3-A8A3-02A4FD1CCA31}
		{DE0597C0-BD12-4563-805A-81D4BBF69A6D} = {0F307E2D-3A4C-4BB3-A8A3-02A4FD1CCA31}
		{377B9407-7D9F-4BF8-8586-7A2F7E3AC966} = {0F307E2D-3A4C-4BB3-A8A3-02A4FD1CCA31}
		{306D6FA6-37F9-4C3A-A6E0-736F327C52AE} = {0F307E2D-3A4C-4BB3-A8A3-02A4FD1CCA31}
		{D49B3F0D-B1EE-435F-A22F-A863C7C3D269} = {0F307E2D-3A4C-4BB3-A8A3-02A4FD1CCA31}
		{116712DD-4433-48B4-88FD-C5C027B187E6} = {0F307E2D-3A4C-4BB3-A8A3-02A4FD1CCA31}
		{59869D08-A580-4DBE-B31D-E8747B0A0AC8} = {0F307E2D-3A4C-4BB3-A8A3-02A4FD1CCA31}
		{F29C11D0-AB90-43E4-AE4E-0B1E7C6CEE7F} = {782A71E5-11EA-4A9E-9AF7-6B04CBD5214E}
		{E672A845-D360-443D-B318-B8F19C1AD01A} = {782A71E5-11EA-4A9E-9AF7-6B04CBD5214E}
		{7A32B5D7-909E-4A03-ABA2-5B1E33E9A457} = {0F307E2D-3A4C-4BB3-A8A3-02A4FD1CCA31}
		{BBB4A83C-FFFB-4F50-A4E6-19E44BD5B7F1} = {0F307E2D-3A4C-4BB3-A8A3-02A4FD1CCA31}
	EndGlobalSection
	GlobalSection(ExtensibilityGlobals) = postSolution
		SolutionGuid = {D5DB03B7-1906-4C40-9920-D9F9FE320BDC}
	EndGlobalSection
EndGlobal
